
Microsoft Visual Studio Solution File, Format Version 12.00
# Visual Studio Version 17
VisualStudioVersion = 17.9.34701.34
MinimumVisualStudioVersion = 10.0.40219.1
Project("{9A19103F-16F7-4668-BE54-9A1E7A4F7556}") = "BillingProcessor", "BillingProcessor\BillingProcessor.csproj", "{24D23C20-1BDE-4574-9780-50CF8EFBDF1A}"
EndProject
Project("{9A19103F-16F7-4668-BE54-9A1E7A4F7556}") = "Mocking", "Mocking\Mocking.csproj", "{3314FCD5-B6AF-421D-A36B-DC36F0D3B840}"
EndProject
Project("{FAE04EC0-301F-11D3-BF4B-00C04F79EFBC}") = "ProductsBrowser", "ProductsBrowser\ProductsBrowser.csproj", "{558F923F-D3F9-430E-97C1-97DC3987BDA5}"
EndProject
Global
	GlobalSection(SolutionConfigurationPlatforms) = preSolution
		Debug|Any CPU = Debug|Any CPU
		Release|Any CPU = Release|Any CPU
	EndGlobalSection
	GlobalSection(ProjectConfigurationPlatforms) = postSolution
		{24D23C20-1BDE-4574-9780-50CF8EFBDF1A}.Debug|Any CPU.ActiveCfg = Debug|Any CPU
		{24D23C20-1BDE-4574-9780-50CF8EFBDF1A}.Debug|Any CPU.Build.0 = Debug|Any CPU
		{24D23C20-1BDE-4574-9780-50CF8EFBDF1A}.Release|Any CPU.ActiveCfg = Release|Any CPU
		{24D23C20-1BDE-4574-9780-50CF8EFBDF1A}.Release|Any CPU.Build.0 = Release|Any CPU
		{3314FCD5-B6AF-421D-A36B-DC36F0D3B840}.Debug|Any CPU.ActiveCfg = Debug|Any CPU
		{3314FCD5-B6AF-421D-A36B-DC36F0D3B840}.Debug|Any CPU.Build.0 = Debug|Any CPU
		{3314FCD5-B6AF-421D-A36B-DC36F0D3B840}.Release|Any CPU.ActiveCfg = Release|Any CPU
		{3314FCD5-B6AF-421D-A36B-DC36F0D3B840}.Release|Any CPU.Build.0 = Release|Any CPU
		{558F923F-D3F9-430E-97C1-97DC3987BDA5}.Debug|Any CPU.ActiveCfg = Debug|Any CPU
		{558F923F-D3F9-430E-97C1-97DC3987BDA5}.Debug|Any CPU.Build.0 = Debug|Any CPU
		{558F923F-D3F9-430E-97C1-97DC3987BDA5}.Release|Any CPU.ActiveCfg = Release|Any CPU
		{558F923F-D3F9-430E-97C1-97DC3987BDA5}.Release|Any CPU.Build.0 = Release|Any CPU
	EndGlobalSection
	GlobalSection(SolutionProperties) = preSolution
		HideSolutionNode = FALSE
	EndGlobalSection
	GlobalSection(ExtensibilityGlobals) = postSolution
		SolutionGuid = {16BD82A5-DE79-4586-A016-CA1E61FE7323}
	EndGlobalSection
EndGlobal
