
Microsoft Visual Studio Solution File, Format Version 12.00
# Visual Studio Version 17
VisualStudioVersion = 17.5.002.0
MinimumVisualStudioVersion = 10.0.40219.1
Project("{9A19103F-16F7-4668-BE54-9A1E7A4F7556}") = "Mocking", "Mocking.csproj", "{1DB3ACA8-9F6E-4F33-964A-F0E45ADAB969}"
EndProject
Global
	GlobalSection(SolutionConfigurationPlatforms) = preSolution
		Debug|Any CPU = Debug|Any CPU
		Release|Any CPU = Release|Any CPU
	EndGlobalSection
	GlobalSection(ProjectConfigurationPlatforms) = postSolution
		{1DB3ACA8-9F6E-4F33-964A-F0E45ADAB969}.Debug|Any CPU.ActiveCfg = Debug|Any CPU
		{1DB3ACA8-9F6E-4F33-964A-F0E45ADAB969}.Debug|Any CPU.Build.0 = Debug|Any CPU
		{1DB3ACA8-9F6E-4F33-964A-F0E45ADAB969}.Release|Any CPU.ActiveCfg = Release|Any CPU
		{1DB3ACA8-9F6E-4F33-964A-F0E45ADAB969}.Release|Any CPU.Build.0 = Release|Any CPU
	EndGlobalSection
	GlobalSection(SolutionProperties) = preSolution
		HideSolutionNode = FALSE
	EndGlobalSection
	GlobalSection(ExtensibilityGlobals) = postSolution
		SolutionGuid = {716F57D8-652B-49D4-ADE2-949C8AD56280}
	EndGlobalSection
EndGlobal
